<?xml version="1.0" encoding="utf-8"?>
<Project ToolsVersion="4.0" xmlns="http://schemas.microsoft.com/developer/msbuild/2003">
  <ItemGroup>
    <Filter Include="源文件">
      <UniqueIdentifier>{4FC737F1-C7A5-4376-A066-2A32D752A2FF}</UniqueIdentifier>
      <Extensions>cpp;c;cc;cxx;def;odl;idl;hpj;bat;asm;asmx</Extensions>
    </Filter>
    <Filter Include="头文件">
      <UniqueIdentifier>{93995380-89BD-4b04-88EB-625FBE52EBFB}</UniqueIdentifier>
      <Extensions>h;hpp;hxx;hm;inl;inc;xsd</Extensions>
    </Filter>
    <Filter Include="资源文件">
      <UniqueIdentifier>{67DA6AB6-F800-4c08-8B7A-83BB121AAD01}</UniqueIdentifier>
      <Extensions>rc;ico;cur;bmp;dlg;rc2;rct;bin;rgs;gif;jpg;jpeg;jpe;resx;tiff;tif;png;wav;mfcribbon-ms</Extensions>
    </Filter>
  </ItemGroup>
  <ItemGroup>
    <ClCompile Include="src\HisDataApi.cpp">
      <Filter>源文件</Filter>
    </ClCompile>
    <ClCompile Include="src\KlineArrayMerger.cpp">
      <Filter>源文件</Filter>
    </ClCompile>
    <ClCompile Include="src\KlineMerger.cpp">
      <Filter>源文件</Filter>
    </ClCompile>
    <ClCompile Include="src\RuntimeDataApi.cpp">
      <Filter>源文件</Filter>
    </ClCompile>
    <ClCompile Include="src\SearchIndex.cpp">
      <Filter>源文件</Filter>
    </ClCompile>
    <ClCompile Include="src\SubBarsApi.cpp">
      <Filter>源文件</Filter>
    </ClCompile>
    <ClCompile Include="src\SymbolInfoSet.cpp">
      <Filter>源文件</Filter>
    </ClCompile>
    <ClCompile Include="src\TickTcpServer.cpp">
      <Filter>源文件</Filter>
    </ClCompile>
  </ItemGroup>
  <ItemGroup>
    <ClInclude Include="src\Array.h">
      <Filter>头文件</Filter>
    </ClInclude>
    <ClInclude Include="src\Bars.h">
      <Filter>头文件</Filter>
    </ClInclude>
    <ClInclude Include="src\DataClientApi.h">
      <Filter>头文件</Filter>
    </ClInclude>
    <ClInclude Include="src\DataServerStruct.h">
      <Filter>头文件</Filter>
    </ClInclude>
    <ClInclude Include="src\HisDataApi.h">
      <Filter>头文件</Filter>
    </ClInclude>
    <ClInclude Include="src\KlineArrayMerger.h">
      <Filter>头文件</Filter>
    </ClInclude>
    <ClInclude Include="src\KlineMerger.h">
      <Filter>头文件</Filter>
    </ClInclude>
    <ClInclude Include="src\Protocol.h">
      <Filter>头文件</Filter>
    </ClInclude>
    <ClInclude Include="src\RuntimeDataApi.h">
      <Filter>头文件</Filter>
    </ClInclude>
    <ClInclude Include="src\SearchIndex.h">
      <Filter>头文件</Filter>
    </ClInclude>
    <ClInclude Include="src\SubBarsApi.h">
      <Filter>头文件</Filter>
    </ClInclude>
    <ClInclude Include="src\SymbolContainer.h">
      <Filter>头文件</Filter>
    </ClInclude>
    <ClInclude Include="src\SymbolInfoSet.h">
      <Filter>头文件</Filter>
    </ClInclude>
    <ClInclude Include="src\TickTcpServer.h">
      <Filter>头文件</Filter>
    </ClInclude>
  </ItemGroup>
</Project>